
Microsoft Visual Studio Solution File, Format Version 12.00
# Visual Studio Version 16
VisualStudioVersion = 16.0.30621.155
MinimumVisualStudioVersion = 10.0.40219.1
Project("{FAE04EC0-301F-11D3-BF4B-00C04F79EFBC}") = "RazorPages", "RazorPages\RazorPages.csproj", "{DBD8CDA3-A9D9-4C82-9F33-C68AD1B74715}"
EndProject
Global
	GlobalSection(SolutionConfigurationPlatforms) = preSolution
		Debug|Any CPU = Debug|Any CPU
		Release|Any CPU = Release|Any CPU
	EndGlobalSection
	GlobalSection(ProjectConfigurationPlatforms) = postSolution
		{DBD8CDA3-A9D9-4C82-9F33-C68AD1B74715}.Debug|Any CPU.ActiveCfg = Debug|Any CPU
		{DBD8CDA3-A9D9-4C82-9F33-C68AD1B74715}.Debug|Any CPU.Build.0 = Debug|Any CPU
		{DBD8CDA3-A9D9-4C82-9F33-C68AD1B74715}.Release|Any CPU.ActiveCfg = Release|Any CPU
		{DBD8CDA3-A9D9-4C82-9F33-C68AD1B74715}.Release|Any CPU.Build.0 = Release|Any CPU
	EndGlobalSection
	GlobalSection(SolutionProperties) = preSolution
		HideSolutionNode = FALSE
	EndGlobalSection
	GlobalSection(ExtensibilityGlobals) = postSolution
		SolutionGuid = {F170AB29-85A5-4E21-A775-194F4BAE7385}
	EndGlobalSection
EndGlobal
